
Microsoft Visual Studio Solution File, Format Version 12.00
# Visual Studio 15
VisualStudioVersion = 15.0.27128.1
MinimumVisualStudioVersion = 10.0.40219.1
Project("{FAE04EC0-301F-11D3-BF4B-00C04F79EFBC}") = "RedisPing", "RedisPing\RedisPing.csproj", "{C99F123E-031D-431F-A740-AF15B2D2576D}"
EndProject
Project("{FAE04EC0-301F-11D3-BF4B-00C04F79EFBC}") = "Leto", "Leto\Leto.csproj", "{EED2FFFC-45A2-4B5C-AD64-785400BA7975}"
EndProject
Global
	GlobalSection(SolutionConfigurationPlatforms) = preSolution
		Debug|Any CPU = Debug|Any CPU
		Release|Any CPU = Release|Any CPU
	EndGlobalSection
	GlobalSection(ProjectConfigurationPlatforms) = postSolution
		{C99F123E-031D-431F-A740-AF15B2D2576D}.Debug|Any CPU.ActiveCfg = Debug|Any CPU
		{C99F123E-031D-431F-A740-AF15B2D2576D}.Debug|Any CPU.Build.0 = Debug|Any CPU
		{C99F123E-031D-431F-A740-AF15B2D2576D}.Release|Any CPU.ActiveCfg = Release|Any CPU
		{C99F123E-031D-431F-A740-AF15B2D2576D}.Release|Any CPU.Build.0 = Release|Any CPU
		{EED2FFFC-45A2-4B5C-AD64-785400BA7975}.Debug|Any CPU.ActiveCfg = Debug|Any CPU
		{EED2FFFC-45A2-4B5C-AD64-785400BA7975}.Debug|Any CPU.Build.0 = Debug|Any CPU
		{EED2FFFC-45A2-4B5C-AD64-785400BA7975}.Release|Any CPU.ActiveCfg = Release|Any CPU
		{EED2FFFC-45A2-4B5C-AD64-785400BA7975}.Release|Any CPU.Build.0 = Release|Any CPU
	EndGlobalSection
	GlobalSection(SolutionProperties) = preSolution
		HideSolutionNode = FALSE
	EndGlobalSection
	GlobalSection(ExtensibilityGlobals) = postSolution
		SolutionGuid = {AD7E1CD8-B871-461C-B1C2-50336FDDE9E9}
	EndGlobalSection
EndGlobal
