
Microsoft Visual Studio Solution File, Format Version 12.00
# Visual Studio 15
VisualStudioVersion = 15.0.27128.1
MinimumVisualStudioVersion = 10.0.40219.1
Project("{FAE04EC0-301F-11D3-BF4B-00C04F79EFBC}") = "RedisPing", "RedisPing\RedisPing.csproj", "{C99F123E-031D-431F-A740-AF15B2D2576D}"
EndProject
Project("{FAE04EC0-301F-11D3-BF4B-00C04F79EFBC}") = "Leto", "Leto\Leto.csproj", "{EED2FFFC-45A2-4B5C-AD64-785400BA7975}"
EndProject
Project("{9A19103F-16F7-4668-BE54-9A1E7A4F7556}") = "Kestrel.Transport.Sockets", "..\KestrelHttpServer\src\Kestrel.Transport.Sockets\Kestrel.Transport.Sockets.csproj", "{9F0E67A7-26E5-4DE5-AE76-CE2EBA7FB175}"
EndProject
Project("{9A19103F-16F7-4668-BE54-9A1E7A4F7556}") = "Kestrel.Transport.Abstractions", "..\KestrelHttpServer\src\Kestrel.Transport.Abstractions\Kestrel.Transport.Abstractions.csproj", "{2F62F5FA-5F5F-4CA8-8116-11B9B183FF80}"
EndProject
Project("{9A19103F-16F7-4668-BE54-9A1E7A4F7556}") = "Protocols.Abstractions", "..\KestrelHttpServer\src\Protocols.Abstractions\Protocols.Abstractions.csproj", "{1746B6D6-014A-45C8-BE67-689A6A38C1C4}"
EndProject
Global
	GlobalSection(SolutionConfigurationPlatforms) = preSolution
		Debug|Any CPU = Debug|Any CPU
		Release|Any CPU = Release|Any CPU
	EndGlobalSection
	GlobalSection(ProjectConfigurationPlatforms) = postSolution
		{C99F123E-031D-431F-A740-AF15B2D2576D}.Debug|Any CPU.ActiveCfg = Debug|Any CPU
		{C99F123E-031D-431F-A740-AF15B2D2576D}.Debug|Any CPU.Build.0 = Debug|Any CPU
		{C99F123E-031D-431F-A740-AF15B2D2576D}.Release|Any CPU.ActiveCfg = Release|Any CPU
		{C99F123E-031D-431F-A740-AF15B2D2576D}.Release|Any CPU.Build.0 = Release|Any CPU
		{EED2FFFC-45A2-4B5C-AD64-785400BA7975}.Debug|Any CPU.ActiveCfg = Debug|Any CPU
		{EED2FFFC-45A2-4B5C-AD64-785400BA7975}.Debug|Any CPU.Build.0 = Debug|Any CPU
		{EED2FFFC-45A2-4B5C-AD64-785400BA7975}.Release|Any CPU.ActiveCfg = Release|Any CPU
		{EED2FFFC-45A2-4B5C-AD64-785400BA7975}.Release|Any CPU.Build.0 = Release|Any CPU
		{9F0E67A7-26E5-4DE5-AE76-CE2EBA7FB175}.Debug|Any CPU.ActiveCfg = Debug|Any CPU
		{9F0E67A7-26E5-4DE5-AE76-CE2EBA7FB175}.Debug|Any CPU.Build.0 = Debug|Any CPU
		{9F0E67A7-26E5-4DE5-AE76-CE2EBA7FB175}.Release|Any CPU.ActiveCfg = Release|Any CPU
		{9F0E67A7-26E5-4DE5-AE76-CE2EBA7FB175}.Release|Any CPU.Build.0 = Release|Any CPU
		{2F62F5FA-5F5F-4CA8-8116-11B9B183FF80}.Debug|Any CPU.ActiveCfg = Debug|Any CPU
		{2F62F5FA-5F5F-4CA8-8116-11B9B183FF80}.Debug|Any CPU.Build.0 = Debug|Any CPU
		{2F62F5FA-5F5F-4CA8-8116-11B9B183FF80}.Release|Any CPU.ActiveCfg = Release|Any CPU
		{2F62F5FA-5F5F-4CA8-8116-11B9B183FF80}.Release|Any CPU.Build.0 = Release|Any CPU
		{1746B6D6-014A-45C8-BE67-689A6A38C1C4}.Debug|Any CPU.ActiveCfg = Debug|Any CPU
		{1746B6D6-014A-45C8-BE67-689A6A38C1C4}.Debug|Any CPU.Build.0 = Debug|Any CPU
		{1746B6D6-014A-45C8-BE67-689A6A38C1C4}.Release|Any CPU.ActiveCfg = Release|Any CPU
		{1746B6D6-014A-45C8-BE67-689A6A38C1C4}.Release|Any CPU.Build.0 = Release|Any CPU
	EndGlobalSection
	GlobalSection(SolutionProperties) = preSolution
		HideSolutionNode = FALSE
	EndGlobalSection
	GlobalSection(ExtensibilityGlobals) = postSolution
		SolutionGuid = {AD7E1CD8-B871-461C-B1C2-50336FDDE9E9}
	EndGlobalSection
EndGlobal
